
Microsoft Visual Studio Solution File, Format Version 12.00
# Visual Studio Version 16
VisualStudioVersion = 16.0.30907.101
MinimumVisualStudioVersion = 10.0.40219.1
Project("{8BC9CEB8-8B4A-11D0-8D11-00A0C91BC942}") = "code", "code.vcxproj", "{FE469C79-3D44-3E94-A74E-84E8B9D1C1BC}"
EndProject
Global
	GlobalSection(SolutionConfigurationPlatforms) = preSolution
		Debug|x86 = Debug|x86
		Release|x86 = Release|x86
	EndGlobalSection
	GlobalSection(ProjectConfigurationPlatforms) = postSolution
		{FE469C79-3D44-3E94-A74E-84E8B9D1C1BC}.Debug|x86.ActiveCfg = Debug|Win32
		{FE469C79-3D44-3E94-A74E-84E8B9D1C1BC}.Debug|x86.Build.0 = Debug|Win32
		{FE469C79-3D44-3E94-A74E-84E8B9D1C1BC}.Release|x86.ActiveCfg = Release|Win32
		{FE469C79-3D44-3E94-A74E-84E8B9D1C1BC}.Release|x86.Build.0 = Release|Win32
	EndGlobalSection
	GlobalSection(SolutionProperties) = preSolution
		HideSolutionNode = FALSE
	EndGlobalSection
	GlobalSection(ExtensibilityGlobals) = postSolution
		SolutionGuid = {5A7DF5CA-AFF2-471C-8F25-7C9AE4657F74}
	EndGlobalSection
EndGlobal
